{
    "_readme": [
        "This file locks the dependencies of your project to a known state",
        "Read more about it at https://getcomposer.org/doc/01-basic-usage.md#composer-lock-the-lock-file",
        "This file is @generated automatically"
    ],
    "hash": "aff423dde69f5cdae5a83d2fb22e9c18",
    "content-hash": "60c798774ce6798775851aeeb502db08",
    "packages": [
        {
            "name": "nikolaynesov/usaepay-php",
            "version": "dev-master",
            "source": {
                "type": "git",
                "url": "https://github.com/nikolaynesov/usaepay-php.git",
                "reference": "adf0f4ef56ab35b7cdca466afa11841934571ee8"
            },
            "dist": {
                "type": "zip",
                "url": "https://api.github.com/repos/nikolaynesov/usaepay-php/zipball/adf0f4ef56ab35b7cdca466afa11841934571ee8",
                "reference": "adf0f4ef56ab35b7cdca466afa11841934571ee8",
                "shasum": ""
            },
            "type": "library",
            "autoload": {
                "psr-4": {
                    "USAePay\\": "src/"
                }
            },
            "notification-url": "https://packagist.org/downloads/",
            "description": "Fork of USAePay's PHP API library that includes composer package support.",
            "time": "2016-06-09 17:14:32"
        }
    ],
    "packages-dev": [],
    "aliases": [],
    "minimum-stability": "stable",
    "stability-flags": {
        "nikolaynesov/usaepay-php": 20
    },
    "prefer-stable": false,
    "prefer-lowest": false,
    "platform": [],
    "platform-dev": []
}
